
Microsoft Visual Studio Solution File, Format Version 12.00
# Visual Studio Version 17
VisualStudioVersion = 17.0.31903.59
MinimumVisualStudioVersion = 10.0.40219.1
Project("{FAE04EC0-301F-11D3-BF4B-00C04F79EFBC}") = "SliLib", "src\SliLib.ECS\SliLib.ECS.csproj", "{589572F1-6742-428B-92CD-A15E9EBC9BF6}"
EndProject
Project("{FAE04EC0-301F-11D3-BF4B-00C04F79EFBC}") = "Example1", "examples\Example1\Example1.csproj", "{1BB3F228-DD18-4F4E-948F-4937610FD5BC}"
EndProject
Project("{2150E333-8FDC-42A3-9474-1A3956D46DE8}") = "src", "src", "{5548FE9A-F35D-41CD-AE91-2C4601B1D1A1}"
EndProject
Project("{FAE04EC0-301F-11D3-BF4B-00C04F79EFBC}") = "SliLib.Core", "src\SliLib.Core\SliLib.Core.csproj", "{9E358A12-C6F2-472A-BEFD-18E31685DA16}"
EndProject
Project("{2150E333-8FDC-42A3-9474-1A3956D46DE8}") = "tests", "tests", "{452A87AA-3298-47E1-BF0B-CDE0C4CF66D1}"
EndProject
Project("{2150E333-8FDC-42A3-9474-1A3956D46DE8}") = "Vulkan", "Vulkan", "{CE2D2F68-7615-400E-ADAC-190E5EE9AB46}"
EndProject
Project("{FAE04EC0-301F-11D3-BF4B-00C04F79EFBC}") = "VulkanWindowTest", "tests\Vulkan\VulkanWindowTest\VulkanWindowTest.csproj", "{D89014EE-68C9-4081-997A-F4E216016AD5}"
EndProject
Project("{FAE04EC0-301F-11D3-BF4B-00C04F79EFBC}") = "SliLib.Window", "src\SliLib.Window\SliLib.Window.csproj", "{FD26F704-CFCD-4A10-88A7-604029BFB258}"
EndProject
Project("{FAE04EC0-301F-11D3-BF4B-00C04F79EFBC}") = "SliLib.Vulkan", "src\SliLib.Vulkan\SliLib.Vulkan.csproj", "{AFE138EA-5EBA-4C47-92A6-36DAE808354F}"
EndProject
Project("{FAE04EC0-301F-11D3-BF4B-00C04F79EFBC}") = "SliLib.Input", "src\SliLib.Input\SliLib.Input.csproj", "{4A32A5A6-40CD-4FF5-A5E1-FD601ABE0DCD}"
EndProject
Project("{2150E333-8FDC-42A3-9474-1A3956D46DE8}") = "SliLib.Tools", "SliLib.Tools", "{EB432B5F-8A03-4831-93C4-32FFDB3C803B}"
EndProject
Project("{FAE04EC0-301F-11D3-BF4B-00C04F79EFBC}") = "SliLib.Tools.Profile", "src\SliLib.Tools\SliLib.Tools.Profile\SliLib.Tools.Profile.csproj", "{BC4D93D3-55DC-45D0-AC6A-594C1223541B}"
EndProject
Project("{FAE04EC0-301F-11D3-BF4B-00C04F79EFBC}") = "SliLib.Tools.Debug", "src\SliLib.Tools\SliLib.Tools.Debug\SliLib.Tools.Debug.csproj", "{FC794E30-825C-459E-BDE7-C2C5DD8117A7}"
EndProject
Project("{FAE04EC0-301F-11D3-BF4B-00C04F79EFBC}") = "SliLib.Components", "src\SliLib.Components\SliLib.Components.csproj", "{B95EB8C3-31BB-4EE2-92C9-E986E40CCCA2}"
EndProject
Project("{FAE04EC0-301F-11D3-BF4B-00C04F79EFBC}") = "SliLib.Events", "src\SliLib.Events\SliLib.Events.csproj", "{4FBB2762-6669-4F3A-BD5E-5F3DD44E2AFB}"
EndProject
Project("{FAE04EC0-301F-11D3-BF4B-00C04F79EFBC}") = "SliLib.DataStructures", "src\SliLib.DataStructures\SliLib.DataStructures.csproj", "{251C3699-8A36-4224-B919-F5B528511901}"
EndProject
Project("{FAE04EC0-301F-11D3-BF4B-00C04F79EFBC}") = "SliLib.CodeGeneration", "src\SliLib.CodeGeneration\SliLib.CodeGeneration.csproj", "{FA1668B3-DA50-44D5-9BE5-EAFF48442890}"
EndProject
Project("{FAE04EC0-301F-11D3-BF4B-00C04F79EFBC}") = "SliLib.OpenGL", "src\SliLib.OpenGL\SliLib.OpenGL.csproj", "{CDED4A6A-7669-4190-BEF6-182A8C909EE2}"
EndProject
Project("{2150E333-8FDC-42A3-9474-1A3956D46DE8}") = "OpenGL", "OpenGL", "{5BB11114-8347-4CDE-ACB2-0D7970F0493A}"
EndProject
Project("{FAE04EC0-301F-11D3-BF4B-00C04F79EFBC}") = "OpenGLWindow", "tests\OpenGL\OpenGLWindow\OpenGLWindow.csproj", "{1196612C-4797-4663-8526-E28C86A9905A}"
EndProject
Project("{2150E333-8FDC-42A3-9474-1A3956D46DE8}") = "ECS", "ECS", "{72D32183-7C42-4BC3-B4A6-0A9E0F6AAD40}"
EndProject
Project("{FAE04EC0-301F-11D3-BF4B-00C04F79EFBC}") = "EntityTest", "tests\ECS\EntityTest\EntityTest.csproj", "{AA349E6F-C36E-4484-B996-AB70EF0A5941}"
EndProject
Project("{FAE04EC0-301F-11D3-BF4B-00C04F79EFBC}") = "ComponentTest", "tests\ECS\ComponentTest\ComponentTest.csproj", "{A219E3FE-DCE3-4C13-AD78-224EE320B9B0}"
EndProject
Project("{FAE04EC0-301F-11D3-BF4B-00C04F79EFBC}") = "SystemTest", "tests\ECS\SystemTest\SystemTest.csproj", "{F1D1C446-E771-4BE4-85C5-61F08A0CE084}"
EndProject
Project("{FAE04EC0-301F-11D3-BF4B-00C04F79EFBC}") = "ArchetypeTest", "tests\ECS\ArchetypeTest\ArchetypeTest.csproj", "{200EEAD7-E637-4C99-932C-51A9AEAC6D06}"
EndProject
Project("{FAE04EC0-301F-11D3-BF4B-00C04F79EFBC}") = "QueryTest", "tests\ECS\QueryTest\QueryTest.csproj", "{1307120D-FDA6-4CEF-94CE-1966834417CB}"
EndProject
Global
	GlobalSection(SolutionConfigurationPlatforms) = preSolution
		Debug|Any CPU = Debug|Any CPU
		Release|Any CPU = Release|Any CPU
	EndGlobalSection
	GlobalSection(SolutionProperties) = preSolution
		HideSolutionNode = FALSE
	EndGlobalSection
	GlobalSection(ProjectConfigurationPlatforms) = postSolution
		{589572F1-6742-428B-92CD-A15E9EBC9BF6}.Debug|Any CPU.ActiveCfg = Debug|Any CPU
		{589572F1-6742-428B-92CD-A15E9EBC9BF6}.Debug|Any CPU.Build.0 = Debug|Any CPU
		{589572F1-6742-428B-92CD-A15E9EBC9BF6}.Release|Any CPU.ActiveCfg = Release|Any CPU
		{589572F1-6742-428B-92CD-A15E9EBC9BF6}.Release|Any CPU.Build.0 = Release|Any CPU
		{1BB3F228-DD18-4F4E-948F-4937610FD5BC}.Debug|Any CPU.ActiveCfg = Debug|Any CPU
		{1BB3F228-DD18-4F4E-948F-4937610FD5BC}.Debug|Any CPU.Build.0 = Debug|Any CPU
		{1BB3F228-DD18-4F4E-948F-4937610FD5BC}.Release|Any CPU.ActiveCfg = Release|Any CPU
		{1BB3F228-DD18-4F4E-948F-4937610FD5BC}.Release|Any CPU.Build.0 = Release|Any CPU
		{1C66CC9B-D85D-407C-B55E-5527BB255EF1}.Debug|Any CPU.ActiveCfg = Debug|Any CPU
		{1C66CC9B-D85D-407C-B55E-5527BB255EF1}.Debug|Any CPU.Build.0 = Debug|Any CPU
		{1C66CC9B-D85D-407C-B55E-5527BB255EF1}.Release|Any CPU.ActiveCfg = Release|Any CPU
		{1C66CC9B-D85D-407C-B55E-5527BB255EF1}.Release|Any CPU.Build.0 = Release|Any CPU
		{C0150F2A-5D82-4E4C-8103-8D257F9AA913}.Debug|Any CPU.ActiveCfg = Debug|Any CPU
		{C0150F2A-5D82-4E4C-8103-8D257F9AA913}.Debug|Any CPU.Build.0 = Debug|Any CPU
		{C0150F2A-5D82-4E4C-8103-8D257F9AA913}.Release|Any CPU.ActiveCfg = Release|Any CPU
		{C0150F2A-5D82-4E4C-8103-8D257F9AA913}.Release|Any CPU.Build.0 = Release|Any CPU
		{FA454FD4-A792-4F82-A7B7-7486D0F803B1}.Debug|Any CPU.ActiveCfg = Debug|Any CPU
		{FA454FD4-A792-4F82-A7B7-7486D0F803B1}.Debug|Any CPU.Build.0 = Debug|Any CPU
		{FA454FD4-A792-4F82-A7B7-7486D0F803B1}.Release|Any CPU.ActiveCfg = Release|Any CPU
		{FA454FD4-A792-4F82-A7B7-7486D0F803B1}.Release|Any CPU.Build.0 = Release|Any CPU
		{9E358A12-C6F2-472A-BEFD-18E31685DA16}.Debug|Any CPU.ActiveCfg = Debug|Any CPU
		{9E358A12-C6F2-472A-BEFD-18E31685DA16}.Debug|Any CPU.Build.0 = Debug|Any CPU
		{9E358A12-C6F2-472A-BEFD-18E31685DA16}.Release|Any CPU.ActiveCfg = Release|Any CPU
		{9E358A12-C6F2-472A-BEFD-18E31685DA16}.Release|Any CPU.Build.0 = Release|Any CPU
		{D89014EE-68C9-4081-997A-F4E216016AD5}.Debug|Any CPU.ActiveCfg = Debug|Any CPU
		{D89014EE-68C9-4081-997A-F4E216016AD5}.Debug|Any CPU.Build.0 = Debug|Any CPU
		{D89014EE-68C9-4081-997A-F4E216016AD5}.Release|Any CPU.ActiveCfg = Release|Any CPU
		{D89014EE-68C9-4081-997A-F4E216016AD5}.Release|Any CPU.Build.0 = Release|Any CPU
		{FD26F704-CFCD-4A10-88A7-604029BFB258}.Debug|Any CPU.ActiveCfg = Debug|Any CPU
		{FD26F704-CFCD-4A10-88A7-604029BFB258}.Debug|Any CPU.Build.0 = Debug|Any CPU
		{FD26F704-CFCD-4A10-88A7-604029BFB258}.Release|Any CPU.ActiveCfg = Release|Any CPU
		{FD26F704-CFCD-4A10-88A7-604029BFB258}.Release|Any CPU.Build.0 = Release|Any CPU
		{AFE138EA-5EBA-4C47-92A6-36DAE808354F}.Debug|Any CPU.ActiveCfg = Debug|Any CPU
		{AFE138EA-5EBA-4C47-92A6-36DAE808354F}.Debug|Any CPU.Build.0 = Debug|Any CPU
		{AFE138EA-5EBA-4C47-92A6-36DAE808354F}.Release|Any CPU.ActiveCfg = Release|Any CPU
		{AFE138EA-5EBA-4C47-92A6-36DAE808354F}.Release|Any CPU.Build.0 = Release|Any CPU
		{4A32A5A6-40CD-4FF5-A5E1-FD601ABE0DCD}.Debug|Any CPU.ActiveCfg = Debug|Any CPU
		{4A32A5A6-40CD-4FF5-A5E1-FD601ABE0DCD}.Debug|Any CPU.Build.0 = Debug|Any CPU
		{4A32A5A6-40CD-4FF5-A5E1-FD601ABE0DCD}.Release|Any CPU.ActiveCfg = Release|Any CPU
		{4A32A5A6-40CD-4FF5-A5E1-FD601ABE0DCD}.Release|Any CPU.Build.0 = Release|Any CPU
		{BC4D93D3-55DC-45D0-AC6A-594C1223541B}.Debug|Any CPU.ActiveCfg = Debug|Any CPU
		{BC4D93D3-55DC-45D0-AC6A-594C1223541B}.Debug|Any CPU.Build.0 = Debug|Any CPU
		{BC4D93D3-55DC-45D0-AC6A-594C1223541B}.Release|Any CPU.ActiveCfg = Release|Any CPU
		{BC4D93D3-55DC-45D0-AC6A-594C1223541B}.Release|Any CPU.Build.0 = Release|Any CPU
		{FC794E30-825C-459E-BDE7-C2C5DD8117A7}.Debug|Any CPU.ActiveCfg = Debug|Any CPU
		{FC794E30-825C-459E-BDE7-C2C5DD8117A7}.Debug|Any CPU.Build.0 = Debug|Any CPU
		{FC794E30-825C-459E-BDE7-C2C5DD8117A7}.Release|Any CPU.ActiveCfg = Release|Any CPU
		{FC794E30-825C-459E-BDE7-C2C5DD8117A7}.Release|Any CPU.Build.0 = Release|Any CPU
		{B95EB8C3-31BB-4EE2-92C9-E986E40CCCA2}.Debug|Any CPU.ActiveCfg = Debug|Any CPU
		{B95EB8C3-31BB-4EE2-92C9-E986E40CCCA2}.Debug|Any CPU.Build.0 = Debug|Any CPU
		{B95EB8C3-31BB-4EE2-92C9-E986E40CCCA2}.Release|Any CPU.ActiveCfg = Release|Any CPU
		{B95EB8C3-31BB-4EE2-92C9-E986E40CCCA2}.Release|Any CPU.Build.0 = Release|Any CPU
		{4FBB2762-6669-4F3A-BD5E-5F3DD44E2AFB}.Debug|Any CPU.ActiveCfg = Debug|Any CPU
		{4FBB2762-6669-4F3A-BD5E-5F3DD44E2AFB}.Debug|Any CPU.Build.0 = Debug|Any CPU
		{4FBB2762-6669-4F3A-BD5E-5F3DD44E2AFB}.Release|Any CPU.ActiveCfg = Release|Any CPU
		{4FBB2762-6669-4F3A-BD5E-5F3DD44E2AFB}.Release|Any CPU.Build.0 = Release|Any CPU
		{251C3699-8A36-4224-B919-F5B528511901}.Debug|Any CPU.ActiveCfg = Debug|Any CPU
		{251C3699-8A36-4224-B919-F5B528511901}.Debug|Any CPU.Build.0 = Debug|Any CPU
		{251C3699-8A36-4224-B919-F5B528511901}.Release|Any CPU.ActiveCfg = Release|Any CPU
		{251C3699-8A36-4224-B919-F5B528511901}.Release|Any CPU.Build.0 = Release|Any CPU
		{FA1668B3-DA50-44D5-9BE5-EAFF48442890}.Debug|Any CPU.ActiveCfg = Debug|Any CPU
		{FA1668B3-DA50-44D5-9BE5-EAFF48442890}.Debug|Any CPU.Build.0 = Debug|Any CPU
		{FA1668B3-DA50-44D5-9BE5-EAFF48442890}.Release|Any CPU.ActiveCfg = Release|Any CPU
		{FA1668B3-DA50-44D5-9BE5-EAFF48442890}.Release|Any CPU.Build.0 = Release|Any CPU
		{CDED4A6A-7669-4190-BEF6-182A8C909EE2}.Debug|Any CPU.ActiveCfg = Debug|Any CPU
		{CDED4A6A-7669-4190-BEF6-182A8C909EE2}.Debug|Any CPU.Build.0 = Debug|Any CPU
		{CDED4A6A-7669-4190-BEF6-182A8C909EE2}.Release|Any CPU.ActiveCfg = Release|Any CPU
		{CDED4A6A-7669-4190-BEF6-182A8C909EE2}.Release|Any CPU.Build.0 = Release|Any CPU
		{1196612C-4797-4663-8526-E28C86A9905A}.Debug|Any CPU.ActiveCfg = Debug|Any CPU
		{1196612C-4797-4663-8526-E28C86A9905A}.Debug|Any CPU.Build.0 = Debug|Any CPU
		{1196612C-4797-4663-8526-E28C86A9905A}.Release|Any CPU.ActiveCfg = Release|Any CPU
		{1196612C-4797-4663-8526-E28C86A9905A}.Release|Any CPU.Build.0 = Release|Any CPU
		{AA349E6F-C36E-4484-B996-AB70EF0A5941}.Debug|Any CPU.ActiveCfg = Debug|Any CPU
		{AA349E6F-C36E-4484-B996-AB70EF0A5941}.Debug|Any CPU.Build.0 = Debug|Any CPU
		{AA349E6F-C36E-4484-B996-AB70EF0A5941}.Release|Any CPU.ActiveCfg = Release|Any CPU
		{AA349E6F-C36E-4484-B996-AB70EF0A5941}.Release|Any CPU.Build.0 = Release|Any CPU
		{A219E3FE-DCE3-4C13-AD78-224EE320B9B0}.Debug|Any CPU.ActiveCfg = Debug|Any CPU
		{A219E3FE-DCE3-4C13-AD78-224EE320B9B0}.Debug|Any CPU.Build.0 = Debug|Any CPU
		{A219E3FE-DCE3-4C13-AD78-224EE320B9B0}.Release|Any CPU.ActiveCfg = Release|Any CPU
		{A219E3FE-DCE3-4C13-AD78-224EE320B9B0}.Release|Any CPU.Build.0 = Release|Any CPU
		{F1D1C446-E771-4BE4-85C5-61F08A0CE084}.Debug|Any CPU.ActiveCfg = Debug|Any CPU
		{F1D1C446-E771-4BE4-85C5-61F08A0CE084}.Debug|Any CPU.Build.0 = Debug|Any CPU
		{F1D1C446-E771-4BE4-85C5-61F08A0CE084}.Release|Any CPU.ActiveCfg = Release|Any CPU
		{F1D1C446-E771-4BE4-85C5-61F08A0CE084}.Release|Any CPU.Build.0 = Release|Any CPU
		{200EEAD7-E637-4C99-932C-51A9AEAC6D06}.Debug|Any CPU.ActiveCfg = Debug|Any CPU
		{200EEAD7-E637-4C99-932C-51A9AEAC6D06}.Debug|Any CPU.Build.0 = Debug|Any CPU
		{200EEAD7-E637-4C99-932C-51A9AEAC6D06}.Release|Any CPU.ActiveCfg = Release|Any CPU
		{200EEAD7-E637-4C99-932C-51A9AEAC6D06}.Release|Any CPU.Build.0 = Release|Any CPU
		{1307120D-FDA6-4CEF-94CE-1966834417CB}.Debug|Any CPU.ActiveCfg = Debug|Any CPU
		{1307120D-FDA6-4CEF-94CE-1966834417CB}.Debug|Any CPU.Build.0 = Debug|Any CPU
		{1307120D-FDA6-4CEF-94CE-1966834417CB}.Release|Any CPU.ActiveCfg = Release|Any CPU
		{1307120D-FDA6-4CEF-94CE-1966834417CB}.Release|Any CPU.Build.0 = Release|Any CPU
	EndGlobalSection
	GlobalSection(NestedProjects) = preSolution
		{9E358A12-C6F2-472A-BEFD-18E31685DA16} = {5548FE9A-F35D-41CD-AE91-2C4601B1D1A1}
		{CE2D2F68-7615-400E-ADAC-190E5EE9AB46} = {452A87AA-3298-47E1-BF0B-CDE0C4CF66D1}
		{D89014EE-68C9-4081-997A-F4E216016AD5} = {CE2D2F68-7615-400E-ADAC-190E5EE9AB46}
		{FD26F704-CFCD-4A10-88A7-604029BFB258} = {5548FE9A-F35D-41CD-AE91-2C4601B1D1A1}
		{AFE138EA-5EBA-4C47-92A6-36DAE808354F} = {5548FE9A-F35D-41CD-AE91-2C4601B1D1A1}
		{4A32A5A6-40CD-4FF5-A5E1-FD601ABE0DCD} = {5548FE9A-F35D-41CD-AE91-2C4601B1D1A1}
		{EB432B5F-8A03-4831-93C4-32FFDB3C803B} = {5548FE9A-F35D-41CD-AE91-2C4601B1D1A1}
		{BC4D93D3-55DC-45D0-AC6A-594C1223541B} = {EB432B5F-8A03-4831-93C4-32FFDB3C803B}
		{FC794E30-825C-459E-BDE7-C2C5DD8117A7} = {EB432B5F-8A03-4831-93C4-32FFDB3C803B}
		{B95EB8C3-31BB-4EE2-92C9-E986E40CCCA2} = {5548FE9A-F35D-41CD-AE91-2C4601B1D1A1}
		{4FBB2762-6669-4F3A-BD5E-5F3DD44E2AFB} = {5548FE9A-F35D-41CD-AE91-2C4601B1D1A1}
		{251C3699-8A36-4224-B919-F5B528511901} = {5548FE9A-F35D-41CD-AE91-2C4601B1D1A1}
		{FA1668B3-DA50-44D5-9BE5-EAFF48442890} = {5548FE9A-F35D-41CD-AE91-2C4601B1D1A1}
		{CDED4A6A-7669-4190-BEF6-182A8C909EE2} = {5548FE9A-F35D-41CD-AE91-2C4601B1D1A1}
		{5BB11114-8347-4CDE-ACB2-0D7970F0493A} = {452A87AA-3298-47E1-BF0B-CDE0C4CF66D1}
		{1196612C-4797-4663-8526-E28C86A9905A} = {5BB11114-8347-4CDE-ACB2-0D7970F0493A}
		{72D32183-7C42-4BC3-B4A6-0A9E0F6AAD40} = {452A87AA-3298-47E1-BF0B-CDE0C4CF66D1}
		{AA349E6F-C36E-4484-B996-AB70EF0A5941} = {72D32183-7C42-4BC3-B4A6-0A9E0F6AAD40}
		{A219E3FE-DCE3-4C13-AD78-224EE320B9B0} = {72D32183-7C42-4BC3-B4A6-0A9E0F6AAD40}
		{F1D1C446-E771-4BE4-85C5-61F08A0CE084} = {72D32183-7C42-4BC3-B4A6-0A9E0F6AAD40}
		{200EEAD7-E637-4C99-932C-51A9AEAC6D06} = {72D32183-7C42-4BC3-B4A6-0A9E0F6AAD40}
		{1307120D-FDA6-4CEF-94CE-1966834417CB} = {72D32183-7C42-4BC3-B4A6-0A9E0F6AAD40}
	EndGlobalSection
EndGlobal
